
Microsoft Visual Studio Solution File, Format Version 12.00
# Visual Studio Version 17
VisualStudioVersion = 17.4.33213.308
MinimumVisualStudioVersion = 10.0.40219.1
Project("{FAE04EC0-301F-11D3-BF4B-00C04F79EFBC}") = "StudentGradeCalculation", "StudentGradeCalculation\StudentGradeCalculation.csproj", "{22F8F128-568B-4911-8B92-D395D98ABD87}"
EndProject
Project("{FAE04EC0-301F-11D3-BF4B-00C04F79EFBC}") = "Database", "Database\Database.csproj", "{7B1E0738-F2C5-45E4-A8CD-DBE07840838F}"
EndProject
Project("{FAE04EC0-301F-11D3-BF4B-00C04F79EFBC}") = "Common", "Common\Common.csproj", "{03EDA158-7631-45F3-A741-69AE262DE329}"
EndProject
Global
	GlobalSection(SolutionConfigurationPlatforms) = preSolution
		Debug|Any CPU = Debug|Any CPU
		Release|Any CPU = Release|Any CPU
	EndGlobalSection
	GlobalSection(ProjectConfigurationPlatforms) = postSolution
		{22F8F128-568B-4911-8B92-D395D98ABD87}.Debug|Any CPU.ActiveCfg = Debug|Any CPU
		{22F8F128-568B-4911-8B92-D395D98ABD87}.Debug|Any CPU.Build.0 = Debug|Any CPU
		{22F8F128-568B-4911-8B92-D395D98ABD87}.Release|Any CPU.ActiveCfg = Release|Any CPU
		{22F8F128-568B-4911-8B92-D395D98ABD87}.Release|Any CPU.Build.0 = Release|Any CPU
		{7B1E0738-F2C5-45E4-A8CD-DBE07840838F}.Debug|Any CPU.ActiveCfg = Debug|Any CPU
		{7B1E0738-F2C5-45E4-A8CD-DBE07840838F}.Debug|Any CPU.Build.0 = Debug|Any CPU
		{7B1E0738-F2C5-45E4-A8CD-DBE07840838F}.Release|Any CPU.ActiveCfg = Release|Any CPU
		{7B1E0738-F2C5-45E4-A8CD-DBE07840838F}.Release|Any CPU.Build.0 = Release|Any CPU
		{03EDA158-7631-45F3-A741-69AE262DE329}.Debug|Any CPU.ActiveCfg = Debug|Any CPU
		{03EDA158-7631-45F3-A741-69AE262DE329}.Debug|Any CPU.Build.0 = Debug|Any CPU
		{03EDA158-7631-45F3-A741-69AE262DE329}.Release|Any CPU.ActiveCfg = Release|Any CPU
		{03EDA158-7631-45F3-A741-69AE262DE329}.Release|Any CPU.Build.0 = Release|Any CPU
	EndGlobalSection
	GlobalSection(SolutionProperties) = preSolution
		HideSolutionNode = FALSE
	EndGlobalSection
	GlobalSection(ExtensibilityGlobals) = postSolution
		SolutionGuid = {878B49EA-BE4D-4E1A-8F94-D8AAAEA07160}
	EndGlobalSection
EndGlobal
